
Microsoft Visual Studio Solution File, Format Version 12.00
# Visual Studio Version 16
VisualStudioVersion = 16.0.30011.22
MinimumVisualStudioVersion = 10.0.40219.1
Project("{FAE04EC0-301F-11D3-BF4B-00C04F79EFBC}") = "TestSite", "TestSite.csproj", "{9D235320-6F27-4E11-8358-3133D5DC8EC3}"
EndProject
Project("{FAE04EC0-301F-11D3-BF4B-00C04F79EFBC}") = "AvisFormation.data", "..\AvisFormation.data\AvisFormation.data.csproj", "{01BEE958-2BFF-48A3-A9C0-6D9CC54DDD62}"
EndProject
Project("{FAE04EC0-301F-11D3-BF4B-00C04F79EFBC}") = "AvisFormation.Logic", "..\AvisFormation.Logic\AvisFormation.Logic.csproj", "{C83C8B5A-7D79-4DFE-8649-F9C6282DA5E5}"
EndProject
Global
	GlobalSection(SolutionConfigurationPlatforms) = preSolution
		Debug|Any CPU = Debug|Any CPU
		Release|Any CPU = Release|Any CPU
	EndGlobalSection
	GlobalSection(ProjectConfigurationPlatforms) = postSolution
		{9D235320-6F27-4E11-8358-3133D5DC8EC3}.Debug|Any CPU.ActiveCfg = Debug|Any CPU
		{9D235320-6F27-4E11-8358-3133D5DC8EC3}.Debug|Any CPU.Build.0 = Debug|Any CPU
		{9D235320-6F27-4E11-8358-3133D5DC8EC3}.Release|Any CPU.ActiveCfg = Release|Any CPU
		{9D235320-6F27-4E11-8358-3133D5DC8EC3}.Release|Any CPU.Build.0 = Release|Any CPU
		{01BEE958-2BFF-48A3-A9C0-6D9CC54DDD62}.Debug|Any CPU.ActiveCfg = Debug|Any CPU
		{01BEE958-2BFF-48A3-A9C0-6D9CC54DDD62}.Debug|Any CPU.Build.0 = Debug|Any CPU
		{01BEE958-2BFF-48A3-A9C0-6D9CC54DDD62}.Release|Any CPU.ActiveCfg = Release|Any CPU
		{01BEE958-2BFF-48A3-A9C0-6D9CC54DDD62}.Release|Any CPU.Build.0 = Release|Any CPU
		{C83C8B5A-7D79-4DFE-8649-F9C6282DA5E5}.Debug|Any CPU.ActiveCfg = Debug|Any CPU
		{C83C8B5A-7D79-4DFE-8649-F9C6282DA5E5}.Debug|Any CPU.Build.0 = Debug|Any CPU
		{C83C8B5A-7D79-4DFE-8649-F9C6282DA5E5}.Release|Any CPU.ActiveCfg = Release|Any CPU
		{C83C8B5A-7D79-4DFE-8649-F9C6282DA5E5}.Release|Any CPU.Build.0 = Release|Any CPU
	EndGlobalSection
	GlobalSection(SolutionProperties) = preSolution
		HideSolutionNode = FALSE
	EndGlobalSection
	GlobalSection(ExtensibilityGlobals) = postSolution
		SolutionGuid = {7B43EBC2-F8A3-4E76-842B-48F463485CCB}
	EndGlobalSection
EndGlobal
